
Microsoft Visual Studio Solution File, Format Version 12.00
# Visual Studio 15
VisualStudioVersion = 15.0.27130.2010
MinimumVisualStudioVersion = 10.0.40219.1
Project("{FAE04EC0-301F-11D3-BF4B-00C04F79EFBC}") = "minimax", "minimax\minimax.csproj", "{B8E01B4B-F4DB-4E7D-B856-77EF9E8261EB}"
EndProject
Global
	GlobalSection(SolutionConfigurationPlatforms) = preSolution
		Debug|Any CPU = Debug|Any CPU
		Release|Any CPU = Release|Any CPU
	EndGlobalSection
	GlobalSection(ProjectConfigurationPlatforms) = postSolution
		{B8E01B4B-F4DB-4E7D-B856-77EF9E8261EB}.Debug|Any CPU.ActiveCfg = Debug|Any CPU
		{B8E01B4B-F4DB-4E7D-B856-77EF9E8261EB}.Debug|Any CPU.Build.0 = Debug|Any CPU
		{B8E01B4B-F4DB-4E7D-B856-77EF9E8261EB}.Release|Any CPU.ActiveCfg = Release|Any CPU
		{B8E01B4B-F4DB-4E7D-B856-77EF9E8261EB}.Release|Any CPU.Build.0 = Release|Any CPU
	EndGlobalSection
	GlobalSection(SolutionProperties) = preSolution
		HideSolutionNode = FALSE
	EndGlobalSection
	GlobalSection(ExtensibilityGlobals) = postSolution
		SolutionGuid = {7B08E51C-D796-4699-B2F0-2502D0F6425C}
	EndGlobalSection
EndGlobal
